# Kairo Phantom v2.2 — Locked Dependencies
# 100X Upgrade dependencies (added per phase)

# Phase 1: Context Compression
headroom-ai>=0.27.0

# Phase 2: Grounding Trace + Dashboard
opik>=2.0.77
opentelemetry-instrumentation-fastapi>=0.63b1
opentelemetry-sdk>=1.42.1
opentelemetry-exporter-otlp>=1.42.1

# Phase 4: Knowledge Graph
networkx>=3.6.1

# Phase 7: Security Hardening
semgrep>=1.0

# Phase 8: P2P Sync (stretch goal)
syncthing>=0.1  # Python REST client (daemon connection INFRA-PENDING:NETWORK)

# Existing core dependencies (pre-installed in sandbox):
# PyMuPDF, fastapi, uvicorn, numpy, Pillow, pytest, httpx